{
  "requires": true,
  "lockfileVersion": 1,
  "dependencies": {
    "dompurify": {
      "version": "1.0.11",
      "resolved": "https://registry.npmjs.org/dompurify/-/dompurify-1.0.11.tgz",
      "integrity": "sha512-XywCTXZtc/qCX3iprD1pIklRVk/uhl8BKpkTxr+ZyMVUzSUg7wkQXRBp/euJ5J5moa1QvfpvaPQVP71z1O59dQ=="
    },
    "jquery": {
      "version": "3.5.1",
      "resolved": "https://registry.npmjs.org/jquery/-/jquery-3.5.1.tgz",
      "integrity": "sha512-XwIBPqcMn57FxfT+Go5pzySnm4KWkT1Tv7gjrpT1srtf8Weynl6R273VJ5GjkRb51IzMp5nbaPjJXMWeju2MKg=="
    },
    "simditor": {
      "version": "2.3.28",
      "resolved": "https://registry.npmjs.org/simditor/-/simditor-2.3.28.tgz",
      "integrity": "sha512-nO20L2NZ3LsGZtvX291hd0gHiBLC56Oh/SHTwektM1tNBD35wQ0moFHoQ7Yumt9XoRiZL3aCQT2mv4jcVC3clQ==",
      "requires": {
        "dompurify": "^1.0.8",
        "jquery": "^3.4.1",
        "simple-hotkeys": "^1.0.3",
        "simple-module": "^3.0.3",
        "simple-uploader": "^3.0.0"
      }
    },
    "simple-hotkeys": {
      "version": "1.0.3",
      "resolved": "https://registry.npmjs.org/simple-hotkeys/-/simple-hotkeys-1.0.3.tgz",
      "integrity": "sha1-R6W8NTYspzOWEb0JqE+jeBiwu8Y=",
      "requires": {
        "jquery": "2.x",
        "simple-module": "~2.0.5"
      },
      "dependencies": {
        "jquery": {
          "version": "2.2.4",
          "resolved": "https://registry.npmjs.org/jquery/-/jquery-2.2.4.tgz",
          "integrity": "sha1-LInWiJterFIqfuoywUUhVZxsvwI="
        },
        "simple-module": {
          "version": "2.0.6",
          "resolved": "https://registry.npmjs.org/simple-module/-/simple-module-2.0.6.tgz",
          "integrity": "sha1-zsglAyX4x/V19Kp1yRmzg5amA3s=",
          "requires": {
            "jquery": "2.x"
          }
        }
      }
    },
    "simple-module": {
      "version": "3.0.3",
      "resolved": "https://registry.npmjs.org/simple-module/-/simple-module-3.0.3.tgz",
      "integrity": "sha1-rVJ2Z4XSfNlCfuhkWknkEZlyWpI=",
      "requires": {
        "jquery": "^3.0.0"
      }
    },
    "simple-uploader": {
      "version": "3.0.0",
      "resolved": "https://registry.npmjs.org/simple-uploader/-/simple-uploader-3.0.0.tgz",
      "integrity": "sha1-wJ9wbxz8vqH+eA41dZpoOxM21NE=",
      "requires": {
        "jquery": "~3.1.0",
        "simple-module": "~3.0.0"
      },
      "dependencies": {
        "jquery": {
          "version": "3.1.1",
          "resolved": "https://registry.npmjs.org/jquery/-/jquery-3.1.1.tgz",
          "integrity": "sha1-NHwcIcfgBBFeCk2jLOzgQfrTyKM="
        }
      }
    }
  }
}
